
Microsoft Visual Studio Solution File, Format Version 12.00
# Visual Studio Version 17
VisualStudioVersion = 17.11.35312.102
MinimumVisualStudioVersion = 10.0.40219.1
Project("{FAE04EC0-301F-11D3-BF4B-00C04F79EFBC}") = "CalculadoraVisual", "CalculadoraVisual.csproj", "{31A5B341-2558-4330-BDA4-9E607313B938}"
EndProject
Global
	GlobalSection(SolutionConfigurationPlatforms) = preSolution
		Debug|Any CPU = Debug|Any CPU
		Release|Any CPU = Release|Any CPU
	EndGlobalSection
	GlobalSection(ProjectConfigurationPlatforms) = postSolution
		{31A5B341-2558-4330-BDA4-9E607313B938}.Debug|Any CPU.ActiveCfg = Debug|Any CPU
		{31A5B341-2558-4330-BDA4-9E607313B938}.Debug|Any CPU.Build.0 = Debug|Any CPU
		{31A5B341-2558-4330-BDA4-9E607313B938}.Release|Any CPU.ActiveCfg = Release|Any CPU
		{31A5B341-2558-4330-BDA4-9E607313B938}.Release|Any CPU.Build.0 = Release|Any CPU
	EndGlobalSection
	GlobalSection(SolutionProperties) = preSolution
		HideSolutionNode = FALSE
	EndGlobalSection
	GlobalSection(ExtensibilityGlobals) = postSolution
		SolutionGuid = {2C1C6AD7-EA18-48F0-BECA-CF9779DFF44E}
	EndGlobalSection
EndGlobal
